{
  "nodes": {
    "architect": {
      "inputs": {
        "nixpkgs": [
          "nixpkgs"
        ]
      },
      "locked": {
        "path": "./nix/flakes/architect",
        "type": "path"
      },
      "original": {
        "path": "./nix/flakes/architect",
        "type": "path"
      },
      "parent": []
    },
    "base-agent": {
      "inputs": {
        "nixpkgs": [
          "nixpkgs"
        ],
        "permissions": "permissions"
      },
      "locked": {
        "path": "./nix/flakes/base-agent",
        "type": "path"
      },
      "original": {
        "path": "./nix/flakes/base-agent",
        "type": "path"
      },
      "parent": []
    },
    "boss": {
      "inputs": {
        "nixpkgs": [
          "nixpkgs"
        ]
      },
      "locked": {
        "path": "./nix/flakes/boss",
        "type": "path"
      },
      "original": {
        "path": "./nix/flakes/boss",
        "type": "path"
      },
      "parent": []
    },
    "clarity-judge": {
      "inputs": {
        "nixpkgs": [
          "nixpkgs"
        ]
      },
      "locked": {
        "path": "./nix/flakes/clarity-judge",
        "type": "path"
      },
      "original": {
        "path": "./nix/flakes/clarity-judge",
        "type": "path"
      },
      "parent": []
    },
    "code-hound": {
      "inputs": {
        "nixpkgs": [
          "nixpkgs"
        ]
      },
      "locked": {
        "path": "./nix/flakes/code-hound",
        "type": "path"
      },
      "original": {
        "path": "./nix/flakes/code-hound",
        "type": "path"
      },
      "parent": []
    },
    "devops-engineer": {
      "inputs": {
        "nixpkgs": [
          "nixpkgs"
        ]
      },
      "locked": {
        "path": "./nix/flakes/devops-engineer",
        "type": "path"
      },
      "original": {
        "path": "./nix/flakes/devops-engineer",
        "type": "path"
      },
      "parent": []
    },
    "docs-writer": {
      "inputs": {
        "nixpkgs": [
          "nixpkgs"
        ]
      },
      "locked": {
        "path": "./nix/flakes/docs-writer",
        "type": "path"
      },
      "original": {
        "path": "./nix/flakes/docs-writer",
        "type": "path"
      },
      "parent": []
    },
    "file-creator": {
      "inputs": {
        "nixpkgs": [
          "nixpkgs"
        ]
      },
      "locked": {
        "path": "./nix/flakes/file-creator",
        "type": "path"
      },
      "original": {
        "path": "./nix/flakes/file-creator",
        "type": "path"
      },
      "parent": []
    },
    "flake-utils": {
      "inputs": {
        "systems": "systems"
      },
      "locked": {
        "lastModified": 1731533236,
        "narHash": "sha256-l0KFg5HjrsfsO/JpG+r7fRrqm12kzFHyUHqHCVpMMbI=",
        "owner": "numtide",
        "repo": "flake-utils",
        "rev": "11707dc2f618dd54ca8739b309ec4fc024de578b",
        "type": "github"
      },
      "original": {
        "owner": "numtide",
        "repo": "flake-utils",
        "type": "github"
      }
    },
    "flake-utils_2": {
      "inputs": {
        "systems": "systems_2"
      },
      "locked": {
        "lastModified": 1731533236,
        "narHash": "sha256-l0KFg5HjrsfsO/JpG+r7fRrqm12kzFHyUHqHCVpMMbI=",
        "owner": "numtide",
        "repo": "flake-utils",
        "rev": "11707dc2f618dd54ca8739b309ec4fc024de578b",
        "type": "github"
      },
      "original": {
        "owner": "numtide",
        "repo": "flake-utils",
        "type": "github"
      }
    },
    "flake-utils_3": {
      "inputs": {
        "systems": "systems_3"
      },
      "locked": {
        "lastModified": 1731533236,
        "narHash": "sha256-l0KFg5HjrsfsO/JpG+r7fRrqm12kzFHyUHqHCVpMMbI=",
        "owner": "numtide",
        "repo": "flake-utils",
        "rev": "11707dc2f618dd54ca8739b309ec4fc024de578b",
        "type": "github"
      },
      "original": {
        "owner": "numtide",
        "repo": "flake-utils",
        "type": "github"
      }
    },
    "flake-utils_4": {
      "inputs": {
        "systems": "systems_4"
      },
      "locked": {
        "lastModified": 1731533236,
        "narHash": "sha256-l0KFg5HjrsfsO/JpG+r7fRrqm12kzFHyUHqHCVpMMbI=",
        "owner": "numtide",
        "repo": "flake-utils",
        "rev": "11707dc2f618dd54ca8739b309ec4fc024de578b",
        "type": "github"
      },
      "original": {
        "owner": "numtide",
        "repo": "flake-utils",
        "type": "github"
      }
    },
    "git-workflow": {
      "inputs": {
        "nixpkgs": [
          "nixpkgs"
        ]
      },
      "locked": {
        "path": "./nix/flakes/git-workflow",
        "type": "path"
      },
      "original": {
        "path": "./nix/flakes/git-workflow",
        "type": "path"
      },
      "parent": []
    },
    "golang-specialist": {
      "inputs": {
        "nixpkgs": [
          "nixpkgs"
        ]
      },
      "locked": {
        "path": "./nix/flakes/golang-specialist",
        "type": "path"
      },
      "original": {
        "path": "./nix/flakes/golang-specialist",
        "type": "path"
      },
      "parent": []
    },
    "mojo-message-router": {
      "inputs": {
        "flake-utils": "flake-utils_2",
        "mojo-runtime": [
          "mojo-runtime"
        ],
        "nixpkgs": [
          "nixpkgs"
        ]
      },
      "locked": {
        "path": "./nix/flakes/mojo-message-router",
        "type": "path"
      },
      "original": {
        "path": "./nix/flakes/mojo-message-router",
        "type": "path"
      },
      "parent": []
    },
    "mojo-pattern-search": {
      "inputs": {
        "flake-utils": "flake-utils_3",
        "mojo-runtime": [
          "mojo-runtime"
        ],
        "nixpkgs": [
          "nixpkgs"
        ]
      },
      "locked": {
        "path": "./nix/flakes/mojo-pattern-search",
        "type": "path"
      },
      "original": {
        "path": "./nix/flakes/mojo-pattern-search",
        "type": "path"
      },
      "parent": []
    },
    "mojo-runtime": {
      "inputs": {
        "flake-utils": "flake-utils_4",
        "nixpkgs": [
          "nixpkgs"
        ]
      },
      "locked": {
        "path": "./nix/flakes/mojo-runtime",
        "type": "path"
      },
      "original": {
        "path": "./nix/flakes/mojo-runtime",
        "type": "path"
      },
      "parent": []
    },
    "nixpkgs": {
      "locked": {
        "lastModified": 1757898380,
        "narHash": "sha256-1Z0KAfbySsHu/IoZbBJLrPgs3IqQGup0T8J9S1ffAkE=",
        "owner": "meta-introspector",
        "repo": "nixpkgs",
        "rev": "26833ad1dad83826ef7cc52e0009ca9b7097c79f",
        "type": "github"
      },
      "original": {
        "owner": "meta-introspector",
        "ref": "feature/CRQ-016-nixify",
        "repo": "nixpkgs",
        "type": "github"
      }
    },
    "permissions": {
      "flake": false,
      "locked": {
        "path": "./permissions.nix",
        "type": "path"
      },
      "original": {
        "path": "./permissions.nix",
        "type": "path"
      },
      "parent": [
        "base-agent"
      ]
    },
    "pip2nix": {
      "inputs": {
        "flake-utils": [
          "flake-utils"
        ],
        "nixpkgs": [
          "nixpkgs"
        ]
      },
      "locked": {
        "lastModified": 1752651840,
        "narHash": "sha256-qWY3LBXGtthBQLuQNB+dkGzqXPIUEQqY+W+5fczZgE8=",
        "owner": "meta-introspector",
        "repo": "pip2nix",
        "rev": "948d568cbea59eced002d05f55581e23195be7f2",
        "type": "github"
      },
      "original": {
        "owner": "meta-introspector",
        "repo": "pip2nix",
        "type": "github"
      }
    },
    "pneuma": {
      "inputs": {
        "base-agent": [
          "base-agent"
        ],
        "nixpkgs": [
          "nixpkgs"
        ]
      },
      "locked": {
        "path": "./nix/flakes/pneuma",
        "type": "path"
      },
      "original": {
        "path": "./nix/flakes/pneuma",
        "type": "path"
      },
      "parent": []
    },
    "python-specialist": {
      "inputs": {
        "nixpkgs": [
          "nixpkgs"
        ]
      },
      "locked": {
        "path": "./nix/flakes/python-specialist",
        "type": "path"
      },
      "original": {
        "path": "./nix/flakes/python-specialist",
        "type": "path"
      },
      "parent": []
    },
    "root": {
      "inputs": {
        "architect": "architect",
        "base-agent": "base-agent",
        "boss": "boss",
        "clarity-judge": "clarity-judge",
        "code-hound": "code-hound",
        "devops-engineer": "devops-engineer",
        "docs-writer": "docs-writer",
        "file-creator": "file-creator",
        "flake-utils": "flake-utils",
        "git-workflow": "git-workflow",
        "golang-specialist": "golang-specialist",
        "mojo-message-router": "mojo-message-router",
        "mojo-pattern-search": "mojo-pattern-search",
        "mojo-runtime": "mojo-runtime",
        "nixpkgs": "nixpkgs",
        "pip2nix": "pip2nix",
        "pneuma": "pneuma",
        "python-specialist": "python-specialist",
        "rust-specialist": "rust-specialist",
        "security-specialist": "security-specialist",
        "test-runner": "test-runner",
        "tool-runner": "tool-runner",
        "typescript-specialist": "typescript-specialist",
        "ux-designer": "ux-designer"
      }
    },
    "rust-specialist": {
      "inputs": {
        "nixpkgs": [
          "nixpkgs"
        ]
      },
      "locked": {
        "path": "./nix/flakes/rust-specialist",
        "type": "path"
      },
      "original": {
        "path": "./nix/flakes/rust-specialist",
        "type": "path"
      },
      "parent": []
    },
    "security-specialist": {
      "inputs": {
        "nixpkgs": [
          "nixpkgs"
        ]
      },
      "locked": {
        "path": "./nix/flakes/security-specialist",
        "type": "path"
      },
      "original": {
        "path": "./nix/flakes/security-specialist",
        "type": "path"
      },
      "parent": []
    },
    "systems": {
      "locked": {
        "lastModified": 1681028828,
        "narHash": "sha256-Vy1rq5AaRuLzOxct8nz4T6wlgyUR7zLU309k9mBC768=",
        "owner": "nix-systems",
        "repo": "default",
        "rev": "da67096a3b9bf56a91d16901293e51ba5b49a27e",
        "type": "github"
      },
      "original": {
        "owner": "nix-systems",
        "repo": "default",
        "type": "github"
      }
    },
    "systems_2": {
      "locked": {
        "lastModified": 1681028828,
        "narHash": "sha256-Vy1rq5AaRuLzOxct8nz4T6wlgyUR7zLU309k9mBC768=",
        "owner": "nix-systems",
        "repo": "default",
        "rev": "da67096a3b9bf56a91d16901293e51ba5b49a27e",
        "type": "github"
      },
      "original": {
        "owner": "nix-systems",
        "repo": "default",
        "type": "github"
      }
    },
    "systems_3": {
      "locked": {
        "lastModified": 1681028828,
        "narHash": "sha256-Vy1rq5AaRuLzOxct8nz4T6wlgyUR7zLU309k9mBC768=",
        "owner": "nix-systems",
        "repo": "default",
        "rev": "da67096a3b9bf56a91d16901293e51ba5b49a27e",
        "type": "github"
      },
      "original": {
        "owner": "nix-systems",
        "repo": "default",
        "type": "github"
      }
    },
    "systems_4": {
      "locked": {
        "lastModified": 1681028828,
        "narHash": "sha256-Vy1rq5AaRuLzOxct8nz4T6wlgyUR7zLU309k9mBC768=",
        "owner": "nix-systems",
        "repo": "default",
        "rev": "da67096a3b9bf56a91d16901293e51ba5b49a27e",
        "type": "github"
      },
      "original": {
        "owner": "nix-systems",
        "repo": "default",
        "type": "github"
      }
    },
    "test-runner": {
      "inputs": {
        "nixpkgs": [
          "nixpkgs"
        ]
      },
      "locked": {
        "path": "./nix/flakes/test-runner",
        "type": "path"
      },
      "original": {
        "path": "./nix/flakes/test-runner",
        "type": "path"
      },
      "parent": []
    },
    "tool-runner": {
      "inputs": {
        "nixpkgs": [
          "nixpkgs"
        ]
      },
      "locked": {
        "path": "./nix/flakes/tool-runner",
        "type": "path"
      },
      "original": {
        "path": "./nix/flakes/tool-runner",
        "type": "path"
      },
      "parent": []
    },
    "typescript-specialist": {
      "inputs": {
        "nixpkgs": [
          "nixpkgs"
        ]
      },
      "locked": {
        "path": "./nix/flakes/typescript-specialist",
        "type": "path"
      },
      "original": {
        "path": "./nix/flakes/typescript-specialist",
        "type": "path"
      },
      "parent": []
    },
    "ux-designer": {
      "inputs": {
        "nixpkgs": [
          "nixpkgs"
        ]
      },
      "locked": {
        "path": "./nix/flakes/ux-designer",
        "type": "path"
      },
      "original": {
        "path": "./nix/flakes/ux-designer",
        "type": "path"
      },
      "parent": []
    }
  },
  "root": "root",
  "version": 7
}
